
Microsoft Visual Studio Solution File, Format Version 12.00
# Visual Studio Version 17
VisualStudioVersion = 17.1.31911.260
MinimumVisualStudioVersion = 10.0.40219.1
Project("{FAE04EC0-301F-11D3-BF4B-00C04F79EFBC}") = "ReizTech_Ex2", "ReizTech_Ex2\ReizTech_Ex2.csproj", "{58809338-414F-4759-AD69-A61CF649D276}"
EndProject
Global
	GlobalSection(SolutionConfigurationPlatforms) = preSolution
		Debug|Any CPU = Debug|Any CPU
		Release|Any CPU = Release|Any CPU
	EndGlobalSection
	GlobalSection(ProjectConfigurationPlatforms) = postSolution
		{58809338-414F-4759-AD69-A61CF649D276}.Debug|Any CPU.ActiveCfg = Debug|Any CPU
		{58809338-414F-4759-AD69-A61CF649D276}.Debug|Any CPU.Build.0 = Debug|Any CPU
		{58809338-414F-4759-AD69-A61CF649D276}.Release|Any CPU.ActiveCfg = Release|Any CPU
		{58809338-414F-4759-AD69-A61CF649D276}.Release|Any CPU.Build.0 = Release|Any CPU
	EndGlobalSection
	GlobalSection(SolutionProperties) = preSolution
		HideSolutionNode = FALSE
	EndGlobalSection
	GlobalSection(ExtensibilityGlobals) = postSolution
		SolutionGuid = {6F031735-6EB6-4104-B3B5-A930E6F8A0D9}
	EndGlobalSection
EndGlobal
